
Microsoft Visual Studio Solution File, Format Version 12.00
# Visual Studio Version 17
VisualStudioVersion = 17.3.32825.248
MinimumVisualStudioVersion = 10.0.40219.1
Project("{FAE04EC0-301F-11D3-BF4B-00C04F79EFBC}") = "SudokuSolver", "SudokuSolver\SudokuSolver.csproj", "{71F8BDD6-AA5A-4FA1-83E2-B2D920DA27CC}"
EndProject
Global
	GlobalSection(SolutionConfigurationPlatforms) = preSolution
		Debug|Any CPU = Debug|Any CPU
		Release|Any CPU = Release|Any CPU
	EndGlobalSection
	GlobalSection(ProjectConfigurationPlatforms) = postSolution
		{71F8BDD6-AA5A-4FA1-83E2-B2D920DA27CC}.Debug|Any CPU.ActiveCfg = Debug|Any CPU
		{71F8BDD6-AA5A-4FA1-83E2-B2D920DA27CC}.Debug|Any CPU.Build.0 = Debug|Any CPU
		{71F8BDD6-AA5A-4FA1-83E2-B2D920DA27CC}.Release|Any CPU.ActiveCfg = Release|Any CPU
		{71F8BDD6-AA5A-4FA1-83E2-B2D920DA27CC}.Release|Any CPU.Build.0 = Release|Any CPU
	EndGlobalSection
	GlobalSection(SolutionProperties) = preSolution
		HideSolutionNode = FALSE
	EndGlobalSection
	GlobalSection(ExtensibilityGlobals) = postSolution
		SolutionGuid = {63C63311-6E91-4F12-ACCE-1BA32F765D79}
	EndGlobalSection
EndGlobal
